{
  "name": "pocket-agent",
  "lockfileVersion": 3,
  "requires": true,
  "packages": {
    "": {
      "dependencies": {
        "@wppconnect/wa-js": "^3.20.1"
      }
    },
    "node_modules/@wppconnect/wa-js": {
      "version": "3.20.1",
      "resolved": "https://registry.npmjs.org/@wppconnect/wa-js/-/wa-js-3.20.1.tgz",
      "integrity": "sha512-9+RvM57TDn8Jy+MAtL8IygKYa8QarhEY+RaPYAypx5Wa5jtXbo45UTK7bd3Fhx7C3ih8gJ2geezEryJ1rpqwIA==",
      "license": "Apache-2.0",
      "engines": {
        "whatsapp-web": ">=2.2326.10-beta"
      }
    }
  }
}
